<?xml version="1.0" encoding="utf-8"?>
<Project ToolsVersion="4.0" xmlns="http://schemas.microsoft.com/developer/msbuild/2003">
  <ItemGroup>
    <Filter Include="Source Files">
      <UniqueIdentifier>{4FC737F1-C7A5-4376-A066-2A32D752A2FF}</UniqueIdentifier>
      <Extensions>cpp;c;cc;cxx;c++;cppm;ixx;def;odl;idl;hpj;bat;asm;asmx</Extensions>
    </Filter>
    <Filter Include="Header Files">
      <UniqueIdentifier>{93995380-89BD-4b04-88EB-625FBE52EBFB}</UniqueIdentifier>
      <Extensions>h;hh;hpp;hxx;h++;hm;inl;inc;ipp;xsd</Extensions>
    </Filter>
    <Filter Include="Resource Files">
      <UniqueIdentifier>{67DA6AB6-F800-4c08-8B7A-83BB121AAD01}</UniqueIdentifier>
      <Extensions>rc;ico;cur;bmp;dlg;rc2;rct;bin;rgs;gif;jpg;jpeg;jpe;resx;tiff;tif;png;wav;mfcribbon-ms</Extensions>
    </Filter>
    <Filter Include="Header Files\Classes">
      <UniqueIdentifier>{166dfb82-0c81-42c5-8140-8d60228d1a84}</UniqueIdentifier>
    </Filter>
    <Filter Include="Header Files\Namespaces">
      <UniqueIdentifier>{a80c967a-6d06-4c7c-8a06-7f23194ace01}</UniqueIdentifier>
    </Filter>
    <Filter Include="Header Files\Resources">
      <UniqueIdentifier>{6a992b42-0a19-422b-8443-5b80e85d46d4}</UniqueIdentifier>
    </Filter>
    <Filter Include="Header Files\Types">
      <UniqueIdentifier>{05f3ceab-26b9-4853-bd56-4b7f90c8090e}</UniqueIdentifier>
    </Filter>
    <Filter Include="Source Files\Classes">
      <UniqueIdentifier>{775d22c2-a981-47e9-bc4c-6a0bc64a7eb5}</UniqueIdentifier>
    </Filter>
    <Filter Include="Source Files\Namespaces">
      <UniqueIdentifier>{1c8b553d-381d-4485-8322-f68154c03e6f}</UniqueIdentifier>
    </Filter>
  </ItemGroup>
  <ItemGroup>
    <ClCompile Include="Charon.cpp">
      <Filter>Source Files</Filter>
    </ClCompile>
    <ClCompile Include="IntelPmxClient.cpp">
      <Filter>Source Files\Classes</Filter>
    </ClCompile>
    <ClCompile Include="BaseDriverClient.cpp">
      <Filter>Source Files\Classes</Filter>
    </ClCompile>
    <ClCompile Include="privileges.cpp">
      <Filter>Source Files\Namespaces</Filter>
    </ClCompile>
    <ClCompile Include="resources.cpp">
      <Filter>Source Files\Classes</Filter>
    </ClCompile>
    <ClCompile Include="ServiceController.cpp">
      <Filter>Source Files\Classes</Filter>
    </ClCompile>
  </ItemGroup>
  <ItemGroup>
    <ClInclude Include="BaseDriverClient.h">
      <Filter>Header Files\Classes</Filter>
    </ClInclude>
    <ClInclude Include="IntelPmxClient.h">
      <Filter>Header Files\Classes</Filter>
    </ClInclude>
    <ClInclude Include="PmxTypes.h">
      <Filter>Header Files\Types</Filter>
    </ClInclude>
    <ClInclude Include="privileges.h">
      <Filter>Header Files\Namespaces</Filter>
    </ClInclude>
    <ClInclude Include="resources.h">
      <Filter>Header Files\Classes</Filter>
    </ClInclude>
    <ClInclude Include="ServiceController.h">
      <Filter>Header Files\Classes</Filter>
    </ClInclude>
    <ClInclude Include="resource.h">
      <Filter>Header Files\Resources</Filter>
    </ClInclude>
  </ItemGroup>
  <ItemGroup>
    <ResourceCompile Include="Charon.rc">
      <Filter>Resource Files</Filter>
    </ResourceCompile>
  </ItemGroup>
  <ItemGroup>
    <None Include="Driver\pmxdrv.sys" />
  </ItemGroup>
</Project>